
Microsoft Visual Studio Solution File, Format Version 12.00
# Visual Studio 14
VisualStudioVersion = 14.0.25420.1
MinimumVisualStudioVersion = 10.0.40219.1
Project("{FAE04EC0-301F-11D3-BF4B-00C04F79EFBC}") = "Maple", "Maple.csproj", "{950C65E6-87E6-42A0-904F-664583364E98}"
EndProject
Project("{FAE04EC0-301F-11D3-BF4B-00C04F79EFBC}") = "Maple_Sample", "..\Maple_Sample\Maple_Sample.csproj", "{B155687A-51C9-445A-AED2-A056A66EC820}"
EndProject
Project("{FAE04EC0-301F-11D3-BF4B-00C04F79EFBC}") = "Maple_Sample_Listener", "..\Maple_Sample_Listener\Maple_Sample_Listener.csproj", "{A1607AA4-5AD2-410F-B183-5413C7CF6454}"
EndProject
Global
	GlobalSection(SolutionConfigurationPlatforms) = preSolution
		Debug|Any CPU = Debug|Any CPU
		Release|Any CPU = Release|Any CPU
	EndGlobalSection
	GlobalSection(ProjectConfigurationPlatforms) = postSolution
		{950C65E6-87E6-42A0-904F-664583364E98}.Debug|Any CPU.ActiveCfg = Debug|Any CPU
		{950C65E6-87E6-42A0-904F-664583364E98}.Debug|Any CPU.Build.0 = Debug|Any CPU
		{950C65E6-87E6-42A0-904F-664583364E98}.Release|Any CPU.ActiveCfg = Release|Any CPU
		{950C65E6-87E6-42A0-904F-664583364E98}.Release|Any CPU.Build.0 = Release|Any CPU
		{B155687A-51C9-445A-AED2-A056A66EC820}.Debug|Any CPU.ActiveCfg = Debug|Any CPU
		{B155687A-51C9-445A-AED2-A056A66EC820}.Debug|Any CPU.Build.0 = Debug|Any CPU
		{B155687A-51C9-445A-AED2-A056A66EC820}.Debug|Any CPU.Deploy.0 = Debug|Any CPU
		{B155687A-51C9-445A-AED2-A056A66EC820}.Release|Any CPU.ActiveCfg = Release|Any CPU
		{B155687A-51C9-445A-AED2-A056A66EC820}.Release|Any CPU.Build.0 = Release|Any CPU
		{B155687A-51C9-445A-AED2-A056A66EC820}.Release|Any CPU.Deploy.0 = Release|Any CPU
		{A1607AA4-5AD2-410F-B183-5413C7CF6454}.Debug|Any CPU.ActiveCfg = Debug|Any CPU
		{A1607AA4-5AD2-410F-B183-5413C7CF6454}.Debug|Any CPU.Build.0 = Debug|Any CPU
		{A1607AA4-5AD2-410F-B183-5413C7CF6454}.Release|Any CPU.ActiveCfg = Release|Any CPU
		{A1607AA4-5AD2-410F-B183-5413C7CF6454}.Release|Any CPU.Build.0 = Release|Any CPU
	EndGlobalSection
	GlobalSection(SolutionProperties) = preSolution
		HideSolutionNode = FALSE
	EndGlobalSection
EndGlobal
